Microsoft Visual Studio Solution File, Format Version 12.00
# Visual Studio Version 17
VisualStudioVersion = 17.0.31903.59
MinimumVisualStudioVersion = 10.0.40219.1
Project("{FAE04EC0-301F-11D3-BF4B-00C04F79EFBC}") = "NfcReader.Domain", "NfcReader.Domain\NfcReader.Domain.csproj", "{E85F5EAA-ECA0-4F5F-8C1D-61A49A2C91B7}"
EndProject
Project("{FAE04EC0-301F-11D3-BF4B-00C04F79EFBC}") = "NfcReader.Application", "NfcReader.Application\NfcReader.Application.csproj", "{BF9490D1-8A8E-4FAD-BFC2-44A4E24D81E2}"
EndProject
Project("{FAE04EC0-301F-11D3-BF4B-00C04F79EFBC}") = "NfcReader.Infrastructure", "NfcReader.Infrastructure\NfcReader.Infrastructure.csproj", "{398D7677-8F55-4628-BEC4-E4309636AC05}"
EndProject
Project("{FAE04EC0-301F-11D3-BF4B-00C04F79EFBC}") = "NfcReader.Worker", "NfcReader.Worker\NfcReader.Worker.csproj", "{AEDEED84-68CC-4B36-AF89-E47EA50303B4}"
EndProject
Global
	GlobalSection(SolutionConfigurationPlatforms) = preSolution
		Debug|Any CPU = Debug|Any CPU
		Release|Any CPU = Release|Any CPU
	EndGlobalSection
	GlobalSection(ProjectConfigurationPlatforms) = postSolution
		{E85F5EAA-ECA0-4F5F-8C1D-61A49A2C91B7}.Debug|Any CPU.ActiveCfg = Debug|Any CPU
		{E85F5EAA-ECA0-4F5F-8C1D-61A49A2C91B7}.Debug|Any CPU.Build.0 = Debug|Any CPU
		{E85F5EAA-ECA0-4F5F-8C1D-61A49A2C91B7}.Release|Any CPU.ActiveCfg = Release|Any CPU
		{E85F5EAA-ECA0-4F5F-8C1D-61A49A2C91B7}.Release|Any CPU.Build.0 = Release|Any CPU
		{BF9490D1-8A8E-4FAD-BFC2-44A4E24D81E2}.Debug|Any CPU.ActiveCfg = Debug|Any CPU
		{BF9490D1-8A8E-4FAD-BFC2-44A4E24D81E2}.Debug|Any CPU.Build.0 = Debug|Any CPU
		{BF9490D1-8A8E-4FAD-BFC2-44A4E24D81E2}.Release|Any CPU.ActiveCfg = Release|Any CPU
		{BF9490D1-8A8E-4FAD-BFC2-44A4E24D81E2}.Release|Any CPU.Build.0 = Release|Any CPU
		{398D7677-8F55-4628-BEC4-E4309636AC05}.Debug|Any CPU.ActiveCfg = Debug|Any CPU
		{398D7677-8F55-4628-BEC4-E4309636AC05}.Debug|Any CPU.Build.0 = Debug|Any CPU
		{398D7677-8F55-4628-BEC4-E4309636AC05}.Release|Any CPU.ActiveCfg = Release|Any CPU
		{398D7677-8F55-4628-BEC4-E4309636AC05}.Release|Any CPU.Build.0 = Release|Any CPU
		{AEDEED84-68CC-4B36-AF89-E47EA50303B4}.Debug|Any CPU.ActiveCfg = Debug|Any CPU
		{AEDEED84-68CC-4B36-AF89-E47EA50303B4}.Debug|Any CPU.Build.0 = Debug|Any CPU
		{AEDEED84-68CC-4B36-AF89-E47EA50303B4}.Release|Any CPU.ActiveCfg = Release|Any CPU
		{AEDEED84-68CC-4B36-AF89-E47EA50303B4}.Release|Any CPU.Build.0 = Release|Any CPU
	EndGlobalSection
	GlobalSection(SolutionProperties) = preSolution
		HideSolutionNode = FALSE
	EndGlobalSection
EndGlobal
